Microsoft Visual Studio Solution File, Format Version 12.00
# Visual Studio Version 17
VisualStudioVersion = 17.5.2.0
MinimumVisualStudioVersion = 10.0.40219.1
Project("{FAE04EC0-301F-11D3-BF4B-00C04F79EFBC}") = "PowerMASM.Core", "PowerMASM.Core.csproj", "{C189F924-9BA3-56D8-3EF6-045F80E13065}"
EndProject
Global
	GlobalSection(SolutionConfigurationPlatforms) = preSolution
		Debug|Any CPU = Debug|Any CPU
		Release|Any CPU = Release|Any CPU
	EndGlobalSection
	GlobalSection(ProjectConfigurationPlatforms) = postSolution
		{C189F924-9BA3-56D8-3EF6-045F80E13065}.Debug|Any CPU.ActiveCfg = Debug|Any CPU
		{C189F924-9BA3-56D8-3EF6-045F80E13065}.Debug|Any CPU.Build.0 = Debug|Any CPU
		{C189F924-9BA3-56D8-3EF6-045F80E13065}.Release|Any CPU.ActiveCfg = Release|Any CPU
		{C189F924-9BA3-56D8-3EF6-045F80E13065}.Release|Any CPU.Build.0 = Release|Any CPU
	EndGlobalSection
	GlobalSection(SolutionProperties) = preSolution
		HideSolutionNode = FALSE
	EndGlobalSection
	GlobalSection(ExtensibilityGlobals) = postSolution
		SolutionGuid = {7DA47915-648D-4139-8DF2-CF2B42C46B37}
	EndGlobalSection
EndGlobal
